
Microsoft Visual Studio Solution File, Format Version 12.00
# Visual Studio Version 16
VisualStudioVersion = 16.0.31729.503
MinimumVisualStudioVersion = 10.0.40219.1
Project("{FAE04EC0-301F-11D3-BF4B-00C04F79EFBC}") = "Issue Tracker", "Issue Tracker\Issue Tracker.csproj", "{A71BE876-3651-4746-98B5-2B211FBD4823}"
EndProject
Global
	GlobalSection(SolutionConfigurationPlatforms) = preSolution
		Debug|Any CPU = Debug|Any CPU
		Release|Any CPU = Release|Any CPU
	EndGlobalSection
	GlobalSection(ProjectConfigurationPlatforms) = postSolution
		{A71BE876-3651-4746-98B5-2B211FBD4823}.Debug|Any CPU.ActiveCfg = Debug|Any CPU
		{A71BE876-3651-4746-98B5-2B211FBD4823}.Debug|Any CPU.Build.0 = Debug|Any CPU
		{A71BE876-3651-4746-98B5-2B211FBD4823}.Release|Any CPU.ActiveCfg = Release|Any CPU
		{A71BE876-3651-4746-98B5-2B211FBD4823}.Release|Any CPU.Build.0 = Release|Any CPU
	EndGlobalSection
	GlobalSection(SolutionProperties) = preSolution
		HideSolutionNode = FALSE
	EndGlobalSection
	GlobalSection(ExtensibilityGlobals) = postSolution
		SolutionGuid = {9116DA4A-5A33-4F9D-B1B8-460BE8553542}
	EndGlobalSection
EndGlobal
